{
    "_meta": {
        "hash": {
            "sha256": "82844b53b92a948b0dabfa115efc8eaf53bee98d0007fe6bcfc77e5bad3fadac"
        },
        "pipfile-spec": 6,
        "requires": {
            "python_version": "3.10"
        },
        "sources": [
            {
                "name": "pypi",
                "url": "https://pypi.org/simple",
                "verify_ssl": true
            }
        ]
    },
    "default": {
        "base58": {
            "hashes": [
                "sha256:11a36f4d3ce51dfc1043f3218591ac4eb1ceb172919cebe05b52a5bcc8d245c2",
                "sha256:c5d0cb3f5b6e81e8e35da5754388ddcc6d0d14b6c6a132cb93d69ed580a7278c"
            ],
            "index": "pypi",
            "version": "==2.1.1"
        }
    },
    "develop": {}
}
